<?xml version="1.0" encoding="utf-8"?>
<Project ToolsVersion="4.0" xmlns="http://schemas.microsoft.com/developer/msbuild/2003">
  <ItemGroup>
    <Filter Include="Source Files">
      <UniqueIdentifier>{4FC737F1-C7A5-4376-A066-2A32D752A2FF}</UniqueIdentifier>
      <Extensions>cpp;c;cc;cxx;c++;cppm;ixx;def;odl;idl;hpj;bat;asm;asmx</Extensions>
    </Filter>
    <Filter Include="Header Files">
      <UniqueIdentifier>{93995380-89BD-4b04-88EB-625FBE52EBFB}</UniqueIdentifier>
      <Extensions>h;hh;hpp;hxx;h++;hm;inl;inc;ipp;xsd</Extensions>
    </Filter>
    <Filter Include="Resource Files">
      <UniqueIdentifier>{67DA6AB6-F800-4c08-8B7A-83BB121AAD01}</UniqueIdentifier>
      <Extensions>rc;ico;cur;bmp;dlg;rc2;rct;bin;rgs;gif;jpg;jpeg;jpe;resx;tiff;tif;png;wav;mfcribbon-ms</Extensions>
    </Filter>
  </ItemGroup>
  <ItemGroup>
    <ClCompile Include="MyForm.cpp">
      <Filter>Resource Files</Filter>
    </ClCompile>
    <ClCompile Include="MyForm1.cpp">
      <Filter>Resource Files</Filter>
    </ClCompile>
    <ClCompile Include="MyForm2.cpp">
      <Filter>Resource Files</Filter>
    </ClCompile>
    <ClCompile Include="fileListViewer.cpp">
      <Filter>Resource Files</Filter>
    </ClCompile>
    <ClCompile Include="MyForm3.cpp">
      <Filter>Resource Files</Filter>
    </ClCompile>
    <ClCompile Include="MyForm4.cpp">
      <Filter>Resource Files</Filter>
    </ClCompile>
    <ClCompile Include="MyForm5.cpp">
      <Filter>Resource Files</Filter>
    </ClCompile>
    <ClCompile Include="MyForm6.cpp">
      <Filter>Resource Files</Filter>
    </ClCompile>
    <ClCompile Include="MyForm7.cpp">
      <Filter>Resource Files</Filter>
    </ClCompile>
    <ClCompile Include="MyForm8.cpp">
      <Filter>Resource Files</Filter>
    </ClCompile>
    <ClCompile Include="Overall_Visualize.cpp">
      <Filter>Resource Files</Filter>
    </ClCompile>
    <ClCompile Include="Defragmentation_Visualize.cpp">
      <Filter>Resource Files</Filter>
    </ClCompile>
  </ItemGroup>
  <ItemGroup>
    <ClInclude Include="MyForm.h">
      <Filter>Resource Files</Filter>
    </ClInclude>
    <ClInclude Include="MyForm1.h">
      <Filter>Resource Files</Filter>
    </ClInclude>
    <ClInclude Include="Header.h">
      <Filter>Header Files</Filter>
    </ClInclude>
    <ClInclude Include="FileHeaders.h">
      <Filter>Header Files</Filter>
    </ClInclude>
    <ClInclude Include="Files.h">
      <Filter>Header Files</Filter>
    </ClInclude>
    <ClInclude Include="MemoryAllocator.h">
      <Filter>Header Files</Filter>
    </ClInclude>
    <ClInclude Include="MyForm2.h">
      <Filter>Resource Files</Filter>
    </ClInclude>
    <ClInclude Include="fileListViewer.h">
      <Filter>Resource Files</Filter>
    </ClInclude>
    <ClInclude Include="MyForm3.h">
      <Filter>Resource Files</Filter>
    </ClInclude>
    <ClInclude Include="MyForm4.h">
      <Filter>Resource Files</Filter>
    </ClInclude>
    <ClInclude Include="MyForm5.h">
      <Filter>Resource Files</Filter>
    </ClInclude>
    <ClInclude Include="MyForm6.h">
      <Filter>Resource Files</Filter>
    </ClInclude>
    <ClInclude Include="MyForm7.h">
      <Filter>Resource Files</Filter>
    </ClInclude>
    <ClInclude Include="MyForm8.h">
      <Filter>Resource Files</Filter>
    </ClInclude>
    <ClInclude Include="Overall_Visualize.h">
      <Filter>Resource Files</Filter>
    </ClInclude>
    <ClInclude Include="Defragmentation_Visualize.h">
      <Filter>Resource Files</Filter>
    </ClInclude>
  </ItemGroup>
</Project>